<?xml version="1.0" encoding="utf-8"?>
<Project ToolsVersion="4.0" xmlns="http://schemas.microsoft.com/developer/msbuild/2003">
  <ItemGroup>
    <Filter Include="Form Files">
      <UniqueIdentifier>{99349809-55BA-4b9d-BF79-8FDBB0286EB3}</UniqueIdentifier>
      <Extensions>ui</Extensions>
      <ParseFiles>false</ParseFiles>
    </Filter>
    <Filter Include="Form Files">
      <UniqueIdentifier>{99349809-55BA-4b9d-BF79-8FDBB0286EB3}</UniqueIdentifier>
      <Extensions>ui</Extensions>
      <ParseFiles>false</ParseFiles>
    </Filter>
    <Filter Include="Generated Files">
      <UniqueIdentifier>{71ED8ED8-ACB9-4CE9-BBE1-E00B30144E11}</UniqueIdentifier>
      <Extensions>cpp;c;cxx;moc;h;def;odl;idl;res;</Extensions>
    </Filter>
    <Filter Include="Generated Files">
      <UniqueIdentifier>{71ED8ED8-ACB9-4CE9-BBE1-E00B30144E11}</UniqueIdentifier>
      <Extensions>cpp;c;cxx;moc;h;def;odl;idl;res;</Extensions>
    </Filter>
    <Filter Include="Header Files">
      <UniqueIdentifier>{93995380-89BD-4b04-88EB-625FBE52EBFB}</UniqueIdentifier>
      <Extensions>h;hpp;hxx;hm;inl;inc;xsd</Extensions>
    </Filter>
    <Filter Include="Header Files">
      <UniqueIdentifier>{93995380-89BD-4b04-88EB-625FBE52EBFB}</UniqueIdentifier>
      <Extensions>h;hpp;hxx;hm;inl;inc;xsd</Extensions>
    </Filter>
    <Filter Include="Source Files">
      <UniqueIdentifier>{4FC737F1-C7A5-4376-A066-2A32D752A2FF}</UniqueIdentifier>
      <Extensions>cpp;c;cxx;def;odl;idl;hpj;bat;asm;asmx</Extensions>
    </Filter>
    <Filter Include="Source Files">
      <UniqueIdentifier>{4FC737F1-C7A5-4376-A066-2A32D752A2FF}</UniqueIdentifier>
      <Extensions>cpp;c;cxx;def;odl;idl;hpj;bat;asm;asmx</Extensions>
    </Filter>
    <Filter Include="Generated Files\Debug">
      <UniqueIdentifier>{c578af01-e0b5-4e27-9082-01d1d9be7e49}</UniqueIdentifier>
      <Extensions>cpp;moc</Extensions>
      <SourceControlFiles>False</SourceControlFiles>
    </Filter>
    <Filter Include="Generated Files\Release">
      <UniqueIdentifier>{e0debbcb-f1a9-430f-b7ed-5083ce90f0c9}</UniqueIdentifier>
      <Extensions>cpp;moc</Extensions>
      <SourceControlFiles>False</SourceControlFiles>
    </Filter>
    <Filter Include="Resource Files">
      <UniqueIdentifier>{D9D6E242-F8AF-46E4-B9FD-80ECBC20BA3E}</UniqueIdentifier>
      <Extensions>qrc;*</Extensions>
      <ParseFiles>false</ParseFiles>
    </Filter>
    <Filter Include="Source Files\Effects">
      <UniqueIdentifier>{9de85a06-c2dd-41e7-b79f-643818449fdf}</UniqueIdentifier>
    </Filter>
  </ItemGroup>
  <ItemGroup>
    <ClCompile Include="document.cpp">
      <Filter>Source Files</Filter>
    </ClCompile>
    <ClCompile Include="editor.cpp">
      <Filter>Source Files</Filter>
    </ClCompile>
    <ClCompile Include="finddialog.cpp">
      <Filter>Source Files</Filter>
    </ClCompile>
    <ClCompile Include="glutils.cpp">
      <Filter>Source Files</Filter>
    </ClCompile>
    <ClCompile Include="gotodialog.cpp">
      <Filter>Source Files</Filter>
    </ClCompile>
    <ClCompile Include="highlighter.cpp">
      <Filter>Source Files</Filter>
    </ClCompile>
    <ClCompile Include="imageplugin.cpp">
      <Filter>Source Files</Filter>
    </ClCompile>
    <ClCompile Include="main.cpp">
      <Filter>Source Files</Filter>
    </ClCompile>
    <ClCompile Include="md5scene.cpp">
      <Filter>Source Files</Filter>
    </ClCompile>
    <ClCompile Include="messagepanel.cpp">
      <Filter>Source Files</Filter>
    </ClCompile>
    <ClCompile Include="newdialog.cpp">
      <Filter>Source Files</Filter>
    </ClCompile>
    <ClCompile Include="outputparser.cpp">
      <Filter>Source Files</Filter>
    </ClCompile>
    <ClCompile Include="parameter.cpp">
      <Filter>Source Files</Filter>
    </ClCompile>
    <ClCompile Include="parameterdelegate.cpp">
      <Filter>Source Files</Filter>
    </ClCompile>
    <ClCompile Include="parametermodel.cpp">
      <Filter>Source Files</Filter>
    </ClCompile>
    <ClCompile Include="parameterpanel.cpp">
      <Filter>Source Files</Filter>
    </ClCompile>
    <ClCompile Include="qglview.cpp">
      <Filter>Source Files</Filter>
    </ClCompile>
    <ClCompile Include="qshaderedit.cpp">
      <Filter>Source Files</Filter>
    </ClCompile>
    <ClCompile Include="scene.cpp">
      <Filter>Source Files</Filter>
    </ClCompile>
    <ClCompile Include="scenepanel.cpp">
      <Filter>Source Files</Filter>
    </ClCompile>
    <ClCompile Include="teapot.cpp">
      <Filter>Source Files</Filter>
    </ClCompile>
    <ClCompile Include="texmanager.cpp">
      <Filter>Source Files</Filter>
    </ClCompile>
    <ClCompile Include="titlebar.cpp">
      <Filter>Source Files</Filter>
    </ClCompile>
    <ClCompile Include="Debug\moc_document.cpp">
      <Filter>Generated Files\Debug</Filter>
    </ClCompile>
    <ClCompile Include="Release\moc_document.cpp">
      <Filter>Generated Files\Release</Filter>
    </ClCompile>
    <ClCompile Include="Debug\moc_editor.cpp">
      <Filter>Generated Files\Debug</Filter>
    </ClCompile>
    <ClCompile Include="Release\moc_editor.cpp">
      <Filter>Generated Files\Release</Filter>
    </ClCompile>
    <ClCompile Include="Debug\moc_effect.cpp">
      <Filter>Generated Files\Debug</Filter>
    </ClCompile>
    <ClCompile Include="Release\moc_effect.cpp">
      <Filter>Generated Files\Release</Filter>
    </ClCompile>
    <ClCompile Include="Debug\moc_finddialog.cpp">
      <Filter>Generated Files\Debug</Filter>
    </ClCompile>
    <ClCompile Include="Release\moc_finddialog.cpp">
      <Filter>Generated Files\Release</Filter>
    </ClCompile>
    <ClCompile Include="Debug\moc_gotodialog.cpp">
      <Filter>Generated Files\Debug</Filter>
    </ClCompile>
    <ClCompile Include="Release\moc_gotodialog.cpp">
      <Filter>Generated Files\Release</Filter>
    </ClCompile>
    <ClCompile Include="Debug\moc_highlighter.cpp">
      <Filter>Generated Files\Debug</Filter>
    </ClCompile>
    <ClCompile Include="Release\moc_highlighter.cpp">
      <Filter>Generated Files\Release</Filter>
    </ClCompile>
    <ClCompile Include="Debug\moc_messagepanel.cpp">
      <Filter>Generated Files\Debug</Filter>
    </ClCompile>
    <ClCompile Include="Release\moc_messagepanel.cpp">
      <Filter>Generated Files\Release</Filter>
    </ClCompile>
    <ClCompile Include="Debug\moc_newdialog.cpp">
      <Filter>Generated Files\Debug</Filter>
    </ClCompile>
    <ClCompile Include="Release\moc_newdialog.cpp">
      <Filter>Generated Files\Release</Filter>
    </ClCompile>
    <ClCompile Include="Debug\moc_parameterdelegate.cpp">
      <Filter>Generated Files\Debug</Filter>
    </ClCompile>
    <ClCompile Include="Release\moc_parameterdelegate.cpp">
      <Filter>Generated Files\Release</Filter>
    </ClCompile>
    <ClCompile Include="Debug\moc_parametermodel.cpp">
      <Filter>Generated Files\Debug</Filter>
    </ClCompile>
    <ClCompile Include="Release\moc_parametermodel.cpp">
      <Filter>Generated Files\Release</Filter>
    </ClCompile>
    <ClCompile Include="Debug\moc_parameterpanel.cpp">
      <Filter>Generated Files\Debug</Filter>
    </ClCompile>
    <ClCompile Include="Release\moc_parameterpanel.cpp">
      <Filter>Generated Files\Release</Filter>
    </ClCompile>
    <ClCompile Include="Debug\moc_qglview.cpp">
      <Filter>Generated Files\Debug</Filter>
    </ClCompile>
    <ClCompile Include="Release\moc_qglview.cpp">
      <Filter>Generated Files\Release</Filter>
    </ClCompile>
    <ClCompile Include="Debug\moc_qshaderedit.cpp">
      <Filter>Generated Files\Debug</Filter>
    </ClCompile>
    <ClCompile Include="Release\moc_qshaderedit.cpp">
      <Filter>Generated Files\Release</Filter>
    </ClCompile>
    <ClCompile Include="Debug\moc_scenepanel.cpp">
      <Filter>Generated Files\Debug</Filter>
    </ClCompile>
    <ClCompile Include="Release\moc_scenepanel.cpp">
      <Filter>Generated Files\Release</Filter>
    </ClCompile>
    <ClCompile Include="Debug\moc_titlebar.cpp">
      <Filter>Generated Files\Debug</Filter>
    </ClCompile>
    <ClCompile Include="Release\moc_titlebar.cpp">
      <Filter>Generated Files\Release</Filter>
    </ClCompile>
    <ClCompile Include="GeneratedFiles\qrc_qshaderedit.cpp">
      <Filter>Generated Files</Filter>
    </ClCompile>
    <ClCompile Include="asmeffect.cpp">
      <Filter>Source Files\Effects</Filter>
    </ClCompile>
    <ClCompile Include="cgexplicit.cpp">
      <Filter>Source Files\Effects</Filter>
    </ClCompile>
    <ClCompile Include="cgfxeffect.cpp">
      <Filter>Source Files\Effects</Filter>
    </ClCompile>
    <ClCompile Include="effect.cpp">
      <Filter>Source Files\Effects</Filter>
    </ClCompile>
    <ClCompile Include="glsleffect.cpp">
      <Filter>Source Files\Effects</Filter>
    </ClCompile>
  </ItemGroup>
  <ItemGroup>
    <ClInclude Include="cgexplicit.h">
      <Filter>Header Files</Filter>
    </ClInclude>
    <CustomBuild Include="document.h">
      <Filter>Header Files</Filter>
    </CustomBuild>
    <CustomBuild Include="editor.h">
      <Filter>Header Files</Filter>
    </CustomBuild>
    <CustomBuild Include="effect.h">
      <Filter>Header Files</Filter>
    </CustomBuild>
    <CustomBuild Include="finddialog.h">
      <Filter>Header Files</Filter>
    </CustomBuild>
    <ClInclude Include="glutils.h">
      <Filter>Header Files</Filter>
    </ClInclude>
    <CustomBuild Include="gotodialog.h">
      <Filter>Header Files</Filter>
    </CustomBuild>
    <CustomBuild Include="highlighter.h">
      <Filter>Header Files</Filter>
    </CustomBuild>
    <ClInclude Include="imageplugin.h">
      <Filter>Header Files</Filter>
    </ClInclude>
    <ClInclude Include="md5scene.h">
      <Filter>Header Files</Filter>
    </ClInclude>
    <CustomBuild Include="messagepanel.h">
      <Filter>Header Files</Filter>
    </CustomBuild>
    <CustomBuild Include="newdialog.h">
      <Filter>Header Files</Filter>
    </CustomBuild>
    <ClInclude Include="outputparser.h">
      <Filter>Header Files</Filter>
    </ClInclude>
    <ClInclude Include="parameter.h">
      <Filter>Header Files</Filter>
    </ClInclude>
    <CustomBuild Include="parameterdelegate.h">
      <Filter>Header Files</Filter>
    </CustomBuild>
    <CustomBuild Include="parametermodel.h">
      <Filter>Header Files</Filter>
    </CustomBuild>
    <CustomBuild Include="parameterpanel.h">
      <Filter>Header Files</Filter>
    </CustomBuild>
    <CustomBuild Include="qglview.h">
      <Filter>Header Files</Filter>
    </CustomBuild>
    <CustomBuild Include="qshaderedit.h">
      <Filter>Header Files</Filter>
    </CustomBuild>
    <ClInclude Include="scene.h">
      <Filter>Header Files</Filter>
    </ClInclude>
    <CustomBuild Include="scenepanel.h">
      <Filter>Header Files</Filter>
    </CustomBuild>
    <ClInclude Include="texmanager.h">
      <Filter>Header Files</Filter>
    </ClInclude>
    <CustomBuild Include="titlebar.h">
      <Filter>Header Files</Filter>
    </CustomBuild>
    <ClInclude Include="GeneratedFiles\ui_finddialog.h">
      <Filter>Generated Files</Filter>
    </ClInclude>
    <ClInclude Include="GeneratedFiles\ui_gotodialog.h">
      <Filter>Generated Files</Filter>
    </ClInclude>
    <ClInclude Include="GeneratedFiles\ui_newdialog.h">
      <Filter>Generated Files</Filter>
    </ClInclude>
    <ClInclude Include="GeneratedFiles\ui_parameterpropertiesdialog.h">
      <Filter>Generated Files</Filter>
    </ClInclude>
    <ClInclude Include="GeneratedFiles\ui_texturepropertiesdialog.h">
      <Filter>Generated Files</Filter>
    </ClInclude>
    <ClInclude Include="stb_image.h">
      <Filter>Header Files</Filter>
    </ClInclude>
  </ItemGroup>
  <ItemGroup>
    <CustomBuild Include="finddialog.ui">
      <Filter>Form Files</Filter>
    </CustomBuild>
    <CustomBuild Include="gotodialog.ui">
      <Filter>Form Files</Filter>
    </CustomBuild>
    <CustomBuild Include="newdialog.ui">
      <Filter>Form Files</Filter>
    </CustomBuild>
    <CustomBuild Include="parameterpropertiesdialog.ui">
      <Filter>Form Files</Filter>
    </CustomBuild>
    <CustomBuild Include="texturepropertiesdialog.ui">
      <Filter>Form Files</Filter>
    </CustomBuild>
    <CustomBuild Include="qshaderedit.qrc">
      <Filter>Resource Files</Filter>
    </CustomBuild>
  </ItemGroup>
  <ItemGroup>
    <Image Include="images\default.png">
      <Filter>Resource Files</Filter>
    </Image>
    <Image Include="images\mac\filenew.png">
      <Filter>Resource Files</Filter>
    </Image>
    <Image Include="images\mac\fileopen.png">
      <Filter>Resource Files</Filter>
    </Image>
    <Image Include="images\mac\filesave.png">
      <Filter>Resource Files</Filter>
    </Image>
    <Image Include="images\mac\editundo.png">
      <Filter>Resource Files</Filter>
    </Image>
    <Image Include="images\mac\editredo.png">
      <Filter>Resource Files</Filter>
    </Image>
    <Image Include="images\mac\editcut.png">
      <Filter>Resource Files</Filter>
    </Image>
    <Image Include="images\mac\editcopy.png">
      <Filter>Resource Files</Filter>
    </Image>
    <Image Include="images\mac\editpaste.png">
      <Filter>Resource Files</Filter>
    </Image>
    <Image Include="images\mac\find.png">
      <Filter>Resource Files</Filter>
    </Image>
    <Image Include="images\win\filenew.png">
      <Filter>Resource Files</Filter>
    </Image>
    <Image Include="images\win\fileopen.png">
      <Filter>Resource Files</Filter>
    </Image>
    <Image Include="images\win\filesave.png">
      <Filter>Resource Files</Filter>
    </Image>
    <Image Include="images\win\editundo.png">
      <Filter>Resource Files</Filter>
    </Image>
    <Image Include="images\win\editredo.png">
      <Filter>Resource Files</Filter>
    </Image>
    <Image Include="images\win\editcut.png">
      <Filter>Resource Files</Filter>
    </Image>
    <Image Include="images\win\editcopy.png">
      <Filter>Resource Files</Filter>
    </Image>
    <Image Include="images\win\editpaste.png">
      <Filter>Resource Files</Filter>
    </Image>
    <Image Include="images\win\find.png">
      <Filter>Resource Files</Filter>
    </Image>
    <Image Include="images\toolbutton.png">
      <Filter>Resource Files</Filter>
    </Image>
    <Image Include="images\colorpicker.png">
      <Filter>Resource Files</Filter>
    </Image>
  </ItemGroup>
</Project>